
Microsoft Visual Studio Solution File, Format Version 12.00
# Visual Studio Version 16
VisualStudioVersion = 16.0.30413.136
MinimumVisualStudioVersion = 10.0.40219.1
Project("{FAE04EC0-301F-11D3-BF4B-00C04F79EFBC}") = "JavaScriptGenerator", "JavaScriptGenerator\JavaScriptGenerator.csproj", "{6600F4AB-4191-460C-A965-5EF642215492}"
EndProject
Global
	GlobalSection(SolutionConfigurationPlatforms) = preSolution
		Debug|Any CPU = Debug|Any CPU
		Release|Any CPU = Release|Any CPU
	EndGlobalSection
	GlobalSection(ProjectConfigurationPlatforms) = postSolution
		{6600F4AB-4191-460C-A965-5EF642215492}.Debug|Any CPU.ActiveCfg = Debug|Any CPU
		{6600F4AB-4191-460C-A965-5EF642215492}.Debug|Any CPU.Build.0 = Debug|Any CPU
		{6600F4AB-4191-460C-A965-5EF642215492}.Release|Any CPU.ActiveCfg = Release|Any CPU
		{6600F4AB-4191-460C-A965-5EF642215492}.Release|Any CPU.Build.0 = Release|Any CPU
	EndGlobalSection
	GlobalSection(SolutionProperties) = preSolution
		HideSolutionNode = FALSE
	EndGlobalSection
	GlobalSection(ExtensibilityGlobals) = postSolution
		SolutionGuid = {61A206D1-40D0-4BE5-A7EB-2B81D1F1569A}
	EndGlobalSection
EndGlobal
